
Microsoft Visual Studio Solution File, Format Version 12.00
Project("{2150E333-8FDC-42A3-9474-1A3956D46DE8}") = "src", "src", "{946F5D30-85D6-490E-881B-0C2177744E6C}"
EndProject
Project("{2150E333-8FDC-42A3-9474-1A3956D46DE8}") = "Adboard", "Adboard", "{DD0E0BA5-FCEB-44B9-8546-8FD7E4A9FBC2}"
EndProject
Project("{2150E333-8FDC-42A3-9474-1A3956D46DE8}") = "Common", "Common", "{05EF570A-9A65-4E9B-8EDF-6C43001C92AE}"
EndProject
Project("{2150E333-8FDC-42A3-9474-1A3956D46DE8}") = "Application", "Application", "{BAF5C447-463C-4376-A09C-C2009D168DA2}"
EndProject
Project("{2150E333-8FDC-42A3-9474-1A3956D46DE8}") = "Clients", "Clients", "{07D1C6A4-8C80-4D4F-B942-422C76A8164D}"
EndProject
Project("{2150E333-8FDC-42A3-9474-1A3956D46DE8}") = "Hosts", "Hosts", "{2FB2089D-93B3-461E-BEE3-B7E54FBA1D37}"
EndProject
Project("{2150E333-8FDC-42A3-9474-1A3956D46DE8}") = "Infrastructure", "Infrastructure", "{51A63F72-EF3B-4CE9-ADEA-A620563DFB23}"
EndProject
Project("{2150E333-8FDC-42A3-9474-1A3956D46DE8}") = "Contracts", "Contracts", "{3C322E12-7DBB-40E6-90FA-EDFEC0A0C307}"
EndProject
Project("{2150E333-8FDC-42A3-9474-1A3956D46DE8}") = "Domain", "Domain", "{CC717A42-425F-4DC1-920F-A94CBE5801D5}"
EndProject
Project("{FAE04EC0-301F-11D3-BF4B-00C04F79EFBC}") = "Adboard.Domain", "src\AdBoard\Domain\Adboard.Domain\Adboard.Domain.csproj", "{1397106B-E6FA-4A13-B0CD-3ADF078DD902}"
EndProject
Project("{FAE04EC0-301F-11D3-BF4B-00C04F79EFBC}") = "Adboard.Infrastructure.DataAccess", "src\AdBoard\Infrastructure\Adboard.Infrastructure.DataAccess\Adboard.Infrastructure.DataAccess.csproj", "{A738B17D-3526-45DC-AFCE-D24D062FDAD1}"
EndProject
Project("{FAE04EC0-301F-11D3-BF4B-00C04F79EFBC}") = "Adboard.Hosts.Api", "src\AdBoard\Hosts\Adboard.Hosts.Api\Adboard.Hosts.Api.csproj", "{BCFA5740-9B05-42A7-92D8-271167406C3E}"
EndProject
Project("{FAE04EC0-301F-11D3-BF4B-00C04F79EFBC}") = "Adboard.Hosts.DbMigrator", "src\AdBoard\Hosts\Adboard.Hosts.DbMigrator\Adboard.Hosts.DbMigrator.csproj", "{37E769BB-96BB-4530-9609-9312300EEA4C}"
EndProject
Project("{FAE04EC0-301F-11D3-BF4B-00C04F79EFBC}") = "Adboard.Infrastructure.ComponentRegister", "src\AdBoard\Infrastructure\Adboard.Infrastructure.ComponentRegister\Adboard.Infrastructure.ComponentRegister.csproj", "{DAF8307B-56E8-4E5B-83D7-A947E7BC38AA}"
EndProject
Project("{FAE04EC0-301F-11D3-BF4B-00C04F79EFBC}") = "Adboard.AppServices", "src\AdBoard\Application\Adboard.AppServices\Adboard.AppServices.csproj", "{31BCC33B-7741-4EA9-BE48-943D2F5E6E79}"
EndProject
Project("{FAE04EC0-301F-11D3-BF4B-00C04F79EFBC}") = "Adboard.Contracts", "src\AdBoard\Contracts\Adboard.Contracts\Adboard.Contracts.csproj", "{ABDFD57C-F487-49C9-A12D-270EA490BF5B}"
EndProject
Project("{FAE04EC0-301F-11D3-BF4B-00C04F79EFBC}") = "Adboard.Infrastructure", "src\AdBoard\Infrastructure\Adboard.Infrastructure\Adboard.Infrastructure.csproj", "{381CAA5D-A7AE-4EE1-AEC6-F907BC916C75}"
EndProject
Global
	GlobalSection(SolutionConfigurationPlatforms) = preSolution
		Debug|Any CPU = Debug|Any CPU
		Release|Any CPU = Release|Any CPU
	EndGlobalSection
	GlobalSection(NestedProjects) = preSolution
		{DD0E0BA5-FCEB-44B9-8546-8FD7E4A9FBC2} = {946F5D30-85D6-490E-881B-0C2177744E6C}
		{05EF570A-9A65-4E9B-8EDF-6C43001C92AE} = {946F5D30-85D6-490E-881B-0C2177744E6C}
		{BAF5C447-463C-4376-A09C-C2009D168DA2} = {DD0E0BA5-FCEB-44B9-8546-8FD7E4A9FBC2}
		{07D1C6A4-8C80-4D4F-B942-422C76A8164D} = {DD0E0BA5-FCEB-44B9-8546-8FD7E4A9FBC2}
		{2FB2089D-93B3-461E-BEE3-B7E54FBA1D37} = {DD0E0BA5-FCEB-44B9-8546-8FD7E4A9FBC2}
		{51A63F72-EF3B-4CE9-ADEA-A620563DFB23} = {DD0E0BA5-FCEB-44B9-8546-8FD7E4A9FBC2}
		{3C322E12-7DBB-40E6-90FA-EDFEC0A0C307} = {DD0E0BA5-FCEB-44B9-8546-8FD7E4A9FBC2}
		{CC717A42-425F-4DC1-920F-A94CBE5801D5} = {DD0E0BA5-FCEB-44B9-8546-8FD7E4A9FBC2}
		{1397106B-E6FA-4A13-B0CD-3ADF078DD902} = {CC717A42-425F-4DC1-920F-A94CBE5801D5}
		{A738B17D-3526-45DC-AFCE-D24D062FDAD1} = {51A63F72-EF3B-4CE9-ADEA-A620563DFB23}
		{BCFA5740-9B05-42A7-92D8-271167406C3E} = {2FB2089D-93B3-461E-BEE3-B7E54FBA1D37}
		{37E769BB-96BB-4530-9609-9312300EEA4C} = {2FB2089D-93B3-461E-BEE3-B7E54FBA1D37}
		{DAF8307B-56E8-4E5B-83D7-A947E7BC38AA} = {51A63F72-EF3B-4CE9-ADEA-A620563DFB23}
		{31BCC33B-7741-4EA9-BE48-943D2F5E6E79} = {BAF5C447-463C-4376-A09C-C2009D168DA2}
		{ABDFD57C-F487-49C9-A12D-270EA490BF5B} = {3C322E12-7DBB-40E6-90FA-EDFEC0A0C307}
		{381CAA5D-A7AE-4EE1-AEC6-F907BC916C75} = {51A63F72-EF3B-4CE9-ADEA-A620563DFB23}
	EndGlobalSection
	GlobalSection(ProjectConfigurationPlatforms) = postSolution
		{1397106B-E6FA-4A13-B0CD-3ADF078DD902}.Debug|Any CPU.ActiveCfg = Debug|Any CPU
		{1397106B-E6FA-4A13-B0CD-3ADF078DD902}.Debug|Any CPU.Build.0 = Debug|Any CPU
		{1397106B-E6FA-4A13-B0CD-3ADF078DD902}.Release|Any CPU.ActiveCfg = Release|Any CPU
		{1397106B-E6FA-4A13-B0CD-3ADF078DD902}.Release|Any CPU.Build.0 = Release|Any CPU
		{A738B17D-3526-45DC-AFCE-D24D062FDAD1}.Debug|Any CPU.ActiveCfg = Debug|Any CPU
		{A738B17D-3526-45DC-AFCE-D24D062FDAD1}.Debug|Any CPU.Build.0 = Debug|Any CPU
		{A738B17D-3526-45DC-AFCE-D24D062FDAD1}.Release|Any CPU.ActiveCfg = Release|Any CPU
		{A738B17D-3526-45DC-AFCE-D24D062FDAD1}.Release|Any CPU.Build.0 = Release|Any CPU
		{BCFA5740-9B05-42A7-92D8-271167406C3E}.Debug|Any CPU.ActiveCfg = Debug|Any CPU
		{BCFA5740-9B05-42A7-92D8-271167406C3E}.Debug|Any CPU.Build.0 = Debug|Any CPU
		{BCFA5740-9B05-42A7-92D8-271167406C3E}.Release|Any CPU.ActiveCfg = Release|Any CPU
		{BCFA5740-9B05-42A7-92D8-271167406C3E}.Release|Any CPU.Build.0 = Release|Any CPU
		{37E769BB-96BB-4530-9609-9312300EEA4C}.Debug|Any CPU.ActiveCfg = Debug|Any CPU
		{37E769BB-96BB-4530-9609-9312300EEA4C}.Debug|Any CPU.Build.0 = Debug|Any CPU
		{37E769BB-96BB-4530-9609-9312300EEA4C}.Release|Any CPU.ActiveCfg = Release|Any CPU
		{37E769BB-96BB-4530-9609-9312300EEA4C}.Release|Any CPU.Build.0 = Release|Any CPU
		{DAF8307B-56E8-4E5B-83D7-A947E7BC38AA}.Debug|Any CPU.ActiveCfg = Debug|Any CPU
		{DAF8307B-56E8-4E5B-83D7-A947E7BC38AA}.Debug|Any CPU.Build.0 = Debug|Any CPU
		{DAF8307B-56E8-4E5B-83D7-A947E7BC38AA}.Release|Any CPU.ActiveCfg = Release|Any CPU
		{DAF8307B-56E8-4E5B-83D7-A947E7BC38AA}.Release|Any CPU.Build.0 = Release|Any CPU
		{31BCC33B-7741-4EA9-BE48-943D2F5E6E79}.Debug|Any CPU.ActiveCfg = Debug|Any CPU
		{31BCC33B-7741-4EA9-BE48-943D2F5E6E79}.Debug|Any CPU.Build.0 = Debug|Any CPU
		{31BCC33B-7741-4EA9-BE48-943D2F5E6E79}.Release|Any CPU.ActiveCfg = Release|Any CPU
		{31BCC33B-7741-4EA9-BE48-943D2F5E6E79}.Release|Any CPU.Build.0 = Release|Any CPU
		{ABDFD57C-F487-49C9-A12D-270EA490BF5B}.Debug|Any CPU.ActiveCfg = Debug|Any CPU
		{ABDFD57C-F487-49C9-A12D-270EA490BF5B}.Debug|Any CPU.Build.0 = Debug|Any CPU
		{ABDFD57C-F487-49C9-A12D-270EA490BF5B}.Release|Any CPU.ActiveCfg = Release|Any CPU
		{ABDFD57C-F487-49C9-A12D-270EA490BF5B}.Release|Any CPU.Build.0 = Release|Any CPU
		{381CAA5D-A7AE-4EE1-AEC6-F907BC916C75}.Debug|Any CPU.ActiveCfg = Debug|Any CPU
		{381CAA5D-A7AE-4EE1-AEC6-F907BC916C75}.Debug|Any CPU.Build.0 = Debug|Any CPU
		{381CAA5D-A7AE-4EE1-AEC6-F907BC916C75}.Release|Any CPU.ActiveCfg = Release|Any CPU
		{381CAA5D-A7AE-4EE1-AEC6-F907BC916C75}.Release|Any CPU.Build.0 = Release|Any CPU
	EndGlobalSection
EndGlobal
